
Microsoft Visual Studio Solution File, Format Version 12.00
# Visual Studio Version 16
VisualStudioVersion = 16.0.31005.135
MinimumVisualStudioVersion = 10.0.40219.1
Project("{FAE04EC0-301F-11D3-BF4B-00C04F79EFBC}") = "recursion-practice", "recursion-practice\recursion-practice.csproj", "{1D20FD5B-9F83-4D21-B93A-B64A05F13E14}"
EndProject
Global
	GlobalSection(SolutionConfigurationPlatforms) = preSolution
		Debug|Any CPU = Debug|Any CPU
		Release|Any CPU = Release|Any CPU
	EndGlobalSection
	GlobalSection(ProjectConfigurationPlatforms) = postSolution
		{1D20FD5B-9F83-4D21-B93A-B64A05F13E14}.Debug|Any CPU.ActiveCfg = Debug|Any CPU
		{1D20FD5B-9F83-4D21-B93A-B64A05F13E14}.Debug|Any CPU.Build.0 = Debug|Any CPU
		{1D20FD5B-9F83-4D21-B93A-B64A05F13E14}.Release|Any CPU.ActiveCfg = Release|Any CPU
		{1D20FD5B-9F83-4D21-B93A-B64A05F13E14}.Release|Any CPU.Build.0 = Release|Any CPU
	EndGlobalSection
	GlobalSection(SolutionProperties) = preSolution
		HideSolutionNode = FALSE
	EndGlobalSection
	GlobalSection(ExtensibilityGlobals) = postSolution
		SolutionGuid = {BC90FC1D-9667-4964-99EA-CB1B51C51126}
	EndGlobalSection
EndGlobal
